
Microsoft Visual Studio Solution File, Format Version 12.00
# Visual Studio Version 16
VisualStudioVersion = 16.0.29215.179
MinimumVisualStudioVersion = 10.0.40219.1
Project("{FAE04EC0-301F-11D3-BF4B-00C04F79EFBC}") = "Exam_002", "Exam_002.csproj", "{F61D9CC1-BF74-4FD2-A244-BD5185C9351C}"
EndProject
Global
	GlobalSection(SolutionConfigurationPlatforms) = preSolution
		Debug|Any CPU = Debug|Any CPU
		Release|Any CPU = Release|Any CPU
	EndGlobalSection
	GlobalSection(ProjectConfigurationPlatforms) = postSolution
		{F61D9CC1-BF74-4FD2-A244-BD5185C9351C}.Debug|Any CPU.ActiveCfg = Debug|Any CPU
		{F61D9CC1-BF74-4FD2-A244-BD5185C9351C}.Debug|Any CPU.Build.0 = Debug|Any CPU
		{F61D9CC1-BF74-4FD2-A244-BD5185C9351C}.Release|Any CPU.ActiveCfg = Release|Any CPU
		{F61D9CC1-BF74-4FD2-A244-BD5185C9351C}.Release|Any CPU.Build.0 = Release|Any CPU
	EndGlobalSection
	GlobalSection(SolutionProperties) = preSolution
		HideSolutionNode = FALSE
	EndGlobalSection
	GlobalSection(ExtensibilityGlobals) = postSolution
		SolutionGuid = {83DF310F-01E2-45CE-9351-76C149C811D2}
	EndGlobalSection
EndGlobal
